
Microsoft Visual Studio Solution File, Format Version 12.00
# Visual Studio 15
VisualStudioVersion = 15.0.28307.960
MinimumVisualStudioVersion = 10.0.40219.1
Project("{FAE04EC0-301F-11D3-BF4B-00C04F79EFBC}") = "CodeForceTest", "CodeForceTest\CodeForceTest.csproj", "{4F6A96F0-6E94-4A63-AB87-5E617273F91E}"
EndProject
Project("{8BC9CEB8-8B4A-11D0-8D11-00A0C91BC942}") = "CodeForceTestCpp", "CodeForceTestCpp\CodeForceTestCpp.vcxproj", "{86FA6114-A284-41C8-99F2-F26BE3B80150}"
EndProject
Global
	GlobalSection(SolutionConfigurationPlatforms) = preSolution
		Debug|Any CPU = Debug|Any CPU
		Debug|x64 = Debug|x64
		Debug|x86 = Debug|x86
		Release|Any CPU = Release|Any CPU
		Release|x64 = Release|x64
		Release|x86 = Release|x86
	EndGlobalSection
	GlobalSection(ProjectConfigurationPlatforms) = postSolution
		{4F6A96F0-6E94-4A63-AB87-5E617273F91E}.Debug|Any CPU.ActiveCfg = Debug|Any CPU
		{4F6A96F0-6E94-4A63-AB87-5E617273F91E}.Debug|Any CPU.Build.0 = Debug|Any CPU
		{4F6A96F0-6E94-4A63-AB87-5E617273F91E}.Debug|x64.ActiveCfg = Debug|Any CPU
		{4F6A96F0-6E94-4A63-AB87-5E617273F91E}.Debug|x64.Build.0 = Debug|Any CPU
		{4F6A96F0-6E94-4A63-AB87-5E617273F91E}.Debug|x86.ActiveCfg = Debug|Any CPU
		{4F6A96F0-6E94-4A63-AB87-5E617273F91E}.Debug|x86.Build.0 = Debug|Any CPU
		{4F6A96F0-6E94-4A63-AB87-5E617273F91E}.Release|Any CPU.ActiveCfg = Release|Any CPU
		{4F6A96F0-6E94-4A63-AB87-5E617273F91E}.Release|Any CPU.Build.0 = Release|Any CPU
		{4F6A96F0-6E94-4A63-AB87-5E617273F91E}.Release|x64.ActiveCfg = Release|Any CPU
		{4F6A96F0-6E94-4A63-AB87-5E617273F91E}.Release|x64.Build.0 = Release|Any CPU
		{4F6A96F0-6E94-4A63-AB87-5E617273F91E}.Release|x86.ActiveCfg = Release|Any CPU
		{4F6A96F0-6E94-4A63-AB87-5E617273F91E}.Release|x86.Build.0 = Release|Any CPU
		{86FA6114-A284-41C8-99F2-F26BE3B80150}.Debug|Any CPU.ActiveCfg = Debug|x64
		{86FA6114-A284-41C8-99F2-F26BE3B80150}.Debug|Any CPU.Build.0 = Debug|x64
		{86FA6114-A284-41C8-99F2-F26BE3B80150}.Debug|x64.ActiveCfg = Debug|x64
		{86FA6114-A284-41C8-99F2-F26BE3B80150}.Debug|x64.Build.0 = Debug|x64
		{86FA6114-A284-41C8-99F2-F26BE3B80150}.Debug|x86.ActiveCfg = Debug|Win32
		{86FA6114-A284-41C8-99F2-F26BE3B80150}.Debug|x86.Build.0 = Debug|Win32
		{86FA6114-A284-41C8-99F2-F26BE3B80150}.Release|Any CPU.ActiveCfg = Release|Win32
		{86FA6114-A284-41C8-99F2-F26BE3B80150}.Release|x64.ActiveCfg = Release|x64
		{86FA6114-A284-41C8-99F2-F26BE3B80150}.Release|x64.Build.0 = Release|x64
		{86FA6114-A284-41C8-99F2-F26BE3B80150}.Release|x86.ActiveCfg = Release|Win32
		{86FA6114-A284-41C8-99F2-F26BE3B80150}.Release|x86.Build.0 = Release|Win32
	EndGlobalSection
	GlobalSection(SolutionProperties) = preSolution
		HideSolutionNode = FALSE
	EndGlobalSection
	GlobalSection(ExtensibilityGlobals) = postSolution
		SolutionGuid = {61683EFB-69E4-4D40-BFC6-D0EC9EA8EFFB}
	EndGlobalSection
EndGlobal
